
Microsoft Visual Studio Solution File, Format Version 12.00
# Visual Studio 2015
Project("{FAE04EC0-301F-11D3-BF4B-00C04F79EFBC}") = "MAP10", "MAP10.csproj", "{335C2041-6D09-0084-7A29-C0CEC2BEB482}"
EndProject
Global
	GlobalSection(SolutionConfigurationPlatforms) = preSolution
		Debug|Any CPU = Debug|Any CPU
		Release|Any CPU = Release|Any CPU
	EndGlobalSection
	GlobalSection(ProjectConfigurationPlatforms) = postSolution
		{335C2041-6D09-0084-7A29-C0CEC2BEB482}.Debug|Any CPU.ActiveCfg = Debug|Any CPU
		{335C2041-6D09-0084-7A29-C0CEC2BEB482}.Debug|Any CPU.Build.0 = Debug|Any CPU
		{335C2041-6D09-0084-7A29-C0CEC2BEB482}.Release|Any CPU.ActiveCfg = Release|Any CPU
		{335C2041-6D09-0084-7A29-C0CEC2BEB482}.Release|Any CPU.Build.0 = Release|Any CPU
	EndGlobalSection
	GlobalSection(SolutionProperties) = preSolution
		HideSolutionNode = FALSE
	EndGlobalSection
EndGlobal
